
Microsoft Visual Studio Solution File, Format Version 12.00
# Visual Studio Version 16
VisualStudioVersion = 16.0.32413.511
MinimumVisualStudioVersion = 10.0.40219.1
Project("{FAE04EC0-301F-11D3-BF4B-00C04F79EFBC}") = "AsyncWrite", "AsyncWrite\AsyncWrite.csproj", "{31EA6EB1-E556-476D-9EF8-D14B3B3257DC}"
EndProject
Global
	GlobalSection(SolutionConfigurationPlatforms) = preSolution
		Debug|Any CPU = Debug|Any CPU
		Release|Any CPU = Release|Any CPU
	EndGlobalSection
	GlobalSection(ProjectConfigurationPlatforms) = postSolution
		{31EA6EB1-E556-476D-9EF8-D14B3B3257DC}.Debug|Any CPU.ActiveCfg = Debug|Any CPU
		{31EA6EB1-E556-476D-9EF8-D14B3B3257DC}.Debug|Any CPU.Build.0 = Debug|Any CPU
		{31EA6EB1-E556-476D-9EF8-D14B3B3257DC}.Release|Any CPU.ActiveCfg = Release|Any CPU
		{31EA6EB1-E556-476D-9EF8-D14B3B3257DC}.Release|Any CPU.Build.0 = Release|Any CPU
	EndGlobalSection
	GlobalSection(SolutionProperties) = preSolution
		HideSolutionNode = FALSE
	EndGlobalSection
	GlobalSection(ExtensibilityGlobals) = postSolution
		SolutionGuid = {4F08478D-D7D6-49F0-8D83-980B9C3F6396}
	EndGlobalSection
EndGlobal
